Microsoft Visual Studio Solution File, Format Version 11.00
# Visual Studio 2008

Project("{CB693BAC-3939-2B24-673D-5276A1DE3FB3}") = "Colorwalk", "Assembly-CSharp-firstpass.csproj", "{0B6C0392-7EC0-AB0E-4726-6B967DA50FA1}"
EndProject
Project("{CB693BAC-3939-2B24-673D-5276A1DE3FB3}") = "Colorwalk", "Assembly-CSharp.csproj", "{EA3EB002-E8B6-5F0F-42C1-EB9FD1412DE4}"
EndProject
Project("{CB693BAC-3939-2B24-673D-5276A1DE3FB3}") = "Colorwalk", "Assembly-CSharp-Editor.csproj", "{93978D1D-AAED-9CAC-DCC3-993983965A7E}"
EndProject
Global
	GlobalSection(SolutionConfigurationPlatforms) = preSolution
		Debug|Any CPU = Debug|Any CPU
		Release|Any CPU = Release|Any CPU
	EndGlobalSection
	GlobalSection(ProjectConfigurationPlatforms) = postSolution
		{0B6C0392-7EC0-AB0E-4726-6B967DA50FA1}.Debug|Any CPU.ActiveCfg = Debug|Any CPU
		{0B6C0392-7EC0-AB0E-4726-6B967DA50FA1}.Debug|Any CPU.Build.0 = Debug|Any CPU
		{0B6C0392-7EC0-AB0E-4726-6B967DA50FA1}.Release|Any CPU.ActiveCfg = Release|Any CPU
		{0B6C0392-7EC0-AB0E-4726-6B967DA50FA1}.Release|Any CPU.Build.0 = Release|Any CPU
		{EA3EB002-E8B6-5F0F-42C1-EB9FD1412DE4}.Debug|Any CPU.ActiveCfg = Debug|Any CPU
		{EA3EB002-E8B6-5F0F-42C1-EB9FD1412DE4}.Debug|Any CPU.Build.0 = Debug|Any CPU
		{EA3EB002-E8B6-5F0F-42C1-EB9FD1412DE4}.Release|Any CPU.ActiveCfg = Release|Any CPU
		{EA3EB002-E8B6-5F0F-42C1-EB9FD1412DE4}.Release|Any CPU.Build.0 = Release|Any CPU
		{93978D1D-AAED-9CAC-DCC3-993983965A7E}.Debug|Any CPU.ActiveCfg = Debug|Any CPU
		{93978D1D-AAED-9CAC-DCC3-993983965A7E}.Debug|Any CPU.Build.0 = Debug|Any CPU
		{93978D1D-AAED-9CAC-DCC3-993983965A7E}.Release|Any CPU.ActiveCfg = Release|Any CPU
		{93978D1D-AAED-9CAC-DCC3-993983965A7E}.Release|Any CPU.Build.0 = Release|Any CPU
	EndGlobalSection
	GlobalSection(SolutionProperties) = preSolution
		HideSolutionNode = FALSE
	EndGlobalSection
	GlobalSection(MonoDevelopProperties) = preSolution
		StartupItem = Assembly-CSharp.csproj
	EndGlobalSection
EndGlobal
